
Microsoft Visual Studio Solution File, Format Version 12.00
# Visual Studio Version 16
VisualStudioVersion = 16.0.30204.135
MinimumVisualStudioVersion = 10.0.40219.1
Project("{9A19103F-16F7-4668-BE54-9A1E7A4F7556}") = "ClickerClassExpansion", "ClickerClassExpansion.csproj", "{43208301-52E3-4F0B-B641-38C595A78B83}"
EndProject
Global
	GlobalSection(SolutionConfigurationPlatforms) = preSolution
		Debug|Any CPU = Debug|Any CPU
		Release|Any CPU = Release|Any CPU
	EndGlobalSection
	GlobalSection(ProjectConfigurationPlatforms) = postSolution
		{43208301-52E3-4F0B-B641-38C595A78B83}.Debug|Any CPU.ActiveCfg = Debug|Any CPU
		{43208301-52E3-4F0B-B641-38C595A78B83}.Debug|Any CPU.Build.0 = Debug|Any CPU
		{43208301-52E3-4F0B-B641-38C595A78B83}.Release|Any CPU.ActiveCfg = Release|Any CPU
		{43208301-52E3-4F0B-B641-38C595A78B83}.Release|Any CPU.Build.0 = Release|Any CPU
	EndGlobalSection
	GlobalSection(SolutionProperties) = preSolution
		HideSolutionNode = FALSE
	EndGlobalSection
	GlobalSection(ExtensibilityGlobals) = postSolution
		SolutionGuid = {727AC4DD-303E-4AE6-B61C-0FABE100CF9B}
	EndGlobalSection
EndGlobal
